Microsoft Visual Studio Solution File, Format Version 11.00
# Visual Studio 2008

Project("{884A17BB-46B4-E5C5-8EE1-7C556AB2EBA8}") = "moba", "Assembly-CSharp-vs.csproj", "{9A67CB70-43FD-AAA3-0930-47B2E1A0DC06}"
EndProject
Global
	GlobalSection(SolutionConfigurationPlatforms) = preSolution
		Debug|Any CPU = Debug|Any CPU
		Release|Any CPU = Release|Any CPU
	EndGlobalSection
	GlobalSection(ProjectConfigurationPlatforms) = postSolution
		{9A67CB70-43FD-AAA3-0930-47B2E1A0DC06}.Debug|Any CPU.ActiveCfg = Debug|Any CPU
		{9A67CB70-43FD-AAA3-0930-47B2E1A0DC06}.Debug|Any CPU.Build.0 = Debug|Any CPU
		{9A67CB70-43FD-AAA3-0930-47B2E1A0DC06}.Release|Any CPU.ActiveCfg = Release|Any CPU
		{9A67CB70-43FD-AAA3-0930-47B2E1A0DC06}.Release|Any CPU.Build.0 = Release|Any CPU
	EndGlobalSection
	GlobalSection(SolutionProperties) = preSolution
		HideSolutionNode = FALSE
	EndGlobalSection
							GlobalSection(MonoDevelopProperties) = preSolution
		StartupItem = Assembly-CSharp.csproj
		Policies = $0
		$0.TextStylePolicy = $1
		$1.inheritsSet = null
		$1.scope = text/x-csharp
		$0.CSharpFormattingPolicy = $2
		$2.inheritsSet = Mono
		$2.inheritsScope = text/x-csharp
		$2.scope = text/x-csharp
		$0.TextStylePolicy = $3
		$3.FileWidth = 120
		$3.TabWidth = 4
		$3.EolMarker = Unix
		$3.inheritsSet = Mono
		$3.inheritsScope = text/plain
		$3.scope = text/plain
	EndGlobalSection

EndGlobal
